
Microsoft Visual Studio Solution File, Format Version 12.00
# Visual Studio Version 16
VisualStudioVersion = 16.0.29609.76
MinimumVisualStudioVersion = 10.0.40219.1
Project("{9A19103F-16F7-4668-BE54-9A1E7A4F7556}") = "Walterlv.Blog.Home", "Walterlv.Blog.Home\Walterlv.Blog.Home.csproj", "{EB3238FA-23F3-4320-AC4C-2A37A313A837}"
EndProject
Project("{FAE04EC0-301F-11D3-BF4B-00C04F79EFBC}") = "Walterlv.Blog.Post", "Walterlv.Blog.Post\Walterlv.Blog.Post.csproj", "{81D8FA46-969D-42DE-8E51-10519B693611}"
EndProject
Global
	GlobalSection(SolutionConfigurationPlatforms) = preSolution
		Debug|Any CPU = Debug|Any CPU
		Release|Any CPU = Release|Any CPU
	EndGlobalSection
	GlobalSection(ProjectConfigurationPlatforms) = postSolution
		{EB3238FA-23F3-4320-AC4C-2A37A313A837}.Debug|Any CPU.ActiveCfg = Debug|Any CPU
		{EB3238FA-23F3-4320-AC4C-2A37A313A837}.Debug|Any CPU.Build.0 = Debug|Any CPU
		{EB3238FA-23F3-4320-AC4C-2A37A313A837}.Release|Any CPU.ActiveCfg = Release|Any CPU
		{EB3238FA-23F3-4320-AC4C-2A37A313A837}.Release|Any CPU.Build.0 = Release|Any CPU
		{81D8FA46-969D-42DE-8E51-10519B693611}.Debug|Any CPU.ActiveCfg = Debug|Any CPU
		{81D8FA46-969D-42DE-8E51-10519B693611}.Debug|Any CPU.Build.0 = Debug|Any CPU
		{81D8FA46-969D-42DE-8E51-10519B693611}.Release|Any CPU.ActiveCfg = Release|Any CPU
		{81D8FA46-969D-42DE-8E51-10519B693611}.Release|Any CPU.Build.0 = Release|Any CPU
	EndGlobalSection
	GlobalSection(SolutionProperties) = preSolution
		HideSolutionNode = FALSE
	EndGlobalSection
	GlobalSection(ExtensibilityGlobals) = postSolution
		SolutionGuid = {AFADD1C7-00F5-4E33-9D81-E882D945B039}
	EndGlobalSection
EndGlobal
