
Microsoft Visual Studio Solution File, Format Version 12.00
# Visual Studio Version 16
VisualStudioVersion = 16.0.29609.76
MinimumVisualStudioVersion = 10.0.40219.1
Project("{9A19103F-16F7-4668-BE54-9A1E7A4F7556}") = "Walterlv.Blog.Home", "Walterlv.Blog.Home\Walterlv.Blog.Home.csproj", "{EB3238FA-23F3-4320-AC4C-2A37A313A837}"
EndProject
Project("{9A19103F-16F7-4668-BE54-9A1E7A4F7556}") = "Walterlv.Blog.Post", "Walterlv.Blog.Post\Walterlv.Blog.Post.csproj", "{81D8FA46-969D-42DE-8E51-10519B693611}"
EndProject
Project("{9A19103F-16F7-4668-BE54-9A1E7A4F7556}") = "Walterlv.Blog.Model", "Walterlv.Blog.Model\Walterlv.Blog.Model.csproj", "{99D8F5CD-C532-42F4-808E-331CA21D4BB1}"
EndProject
Project("{9A19103F-16F7-4668-BE54-9A1E7A4F7556}") = "Walterlv.Blog.Dynamic", "Walterlv.Blog.Dynamic\Walterlv.Blog.Dynamic.csproj", "{2F3E68E2-60AD-4A19-AC2B-FB0FD2517571}"
EndProject
Global
	GlobalSection(SolutionConfigurationPlatforms) = preSolution
		Debug|Any CPU = Debug|Any CPU
		Release|Any CPU = Release|Any CPU
	EndGlobalSection
	GlobalSection(ProjectConfigurationPlatforms) = postSolution
		{EB3238FA-23F3-4320-AC4C-2A37A313A837}.Debug|Any CPU.ActiveCfg = Debug|Any CPU
		{EB3238FA-23F3-4320-AC4C-2A37A313A837}.Debug|Any CPU.Build.0 = Debug|Any CPU
		{EB3238FA-23F3-4320-AC4C-2A37A313A837}.Release|Any CPU.ActiveCfg = Release|Any CPU
		{EB3238FA-23F3-4320-AC4C-2A37A313A837}.Release|Any CPU.Build.0 = Release|Any CPU
		{81D8FA46-969D-42DE-8E51-10519B693611}.Debug|Any CPU.ActiveCfg = Debug|Any CPU
		{81D8FA46-969D-42DE-8E51-10519B693611}.Debug|Any CPU.Build.0 = Debug|Any CPU
		{81D8FA46-969D-42DE-8E51-10519B693611}.Release|Any CPU.ActiveCfg = Release|Any CPU
		{81D8FA46-969D-42DE-8E51-10519B693611}.Release|Any CPU.Build.0 = Release|Any CPU
		{99D8F5CD-C532-42F4-808E-331CA21D4BB1}.Debug|Any CPU.ActiveCfg = Debug|Any CPU
		{99D8F5CD-C532-42F4-808E-331CA21D4BB1}.Debug|Any CPU.Build.0 = Debug|Any CPU
		{99D8F5CD-C532-42F4-808E-331CA21D4BB1}.Release|Any CPU.ActiveCfg = Release|Any CPU
		{99D8F5CD-C532-42F4-808E-331CA21D4BB1}.Release|Any CPU.Build.0 = Release|Any CPU
		{2F3E68E2-60AD-4A19-AC2B-FB0FD2517571}.Debug|Any CPU.ActiveCfg = Debug|Any CPU
		{2F3E68E2-60AD-4A19-AC2B-FB0FD2517571}.Debug|Any CPU.Build.0 = Debug|Any CPU
		{2F3E68E2-60AD-4A19-AC2B-FB0FD2517571}.Release|Any CPU.ActiveCfg = Release|Any CPU
		{2F3E68E2-60AD-4A19-AC2B-FB0FD2517571}.Release|Any CPU.Build.0 = Release|Any CPU
	EndGlobalSection
	GlobalSection(SolutionProperties) = preSolution
		HideSolutionNode = FALSE
	EndGlobalSection
	GlobalSection(ExtensibilityGlobals) = postSolution
		SolutionGuid = {AFADD1C7-00F5-4E33-9D81-E882D945B039}
	EndGlobalSection
EndGlobal
